<?xml version="1.0" encoding="utf-8"?>
<Project ToolsVersion="4.0" xmlns="http://schemas.microsoft.com/developer/msbuild/2003">
  <ItemGroup>
    <Filter Include="Source Files">
      <UniqueIdentifier>{4FC737F1-C7A5-4376-A066-2A32D752A2FF}</UniqueIdentifier>
      <Extensions>cpp;c;cc;cxx;def;odl;idl;hpj;bat;asm;asmx</Extensions>
    </Filter>
    <Filter Include="Header Files">
      <UniqueIdentifier>{93995380-89BD-4b04-88EB-625FBE52EBFB}</UniqueIdentifier>
      <Extensions>h;hh;hpp;hxx;hm;inl;inc;xsd</Extensions>
    </Filter>
    <Filter Include="Resource Files">
      <UniqueIdentifier>{67DA6AB6-F800-4c08-8B7A-83BB121AAD01}</UniqueIdentifier>
      <Extensions>rc;ico;cur;bmp;dlg;rc2;rct;bin;rgs;gif;jpg;jpeg;jpe;resx;tiff;tif;png;wav;mfcribbon-ms</Extensions>
    </Filter>
    <Filter Include="Strategy tests">
      <UniqueIdentifier>{6cbefbb9-030d-4ac2-9419-90a62af908b4}</UniqueIdentifier>
    </Filter>
    <Filter Include="Game tests">
      <UniqueIdentifier>{1c7f2195-b79d-4fe6-a70c-c86508a58e78}</UniqueIdentifier>
    </Filter>
  </ItemGroup>
  <ItemGroup>
    <ClCompile Include="Main.cpp">
      <Filter>Source Files</Filter>
    </ClCompile>
    <ClCompile Include="Test00.cpp">
      <Filter>Strategy tests</Filter>
    </ClCompile>
    <ClCompile Include="Test01.cpp">
      <Filter>Strategy tests</Filter>
    </ClCompile>
    <ClCompile Include="Test02.cpp">
      <Filter>Strategy tests</Filter>
    </ClCompile>
    <ClCompile Include="Test03.cpp">
      <Filter>Strategy tests</Filter>
    </ClCompile>
    <ClCompile Include="Test04.cpp">
      <Filter>Strategy tests</Filter>
    </ClCompile>
    <ClCompile Include="Test05.cpp">
      <Filter>Strategy tests</Filter>
    </ClCompile>
    <ClCompile Include="Test06.cpp">
      <Filter>Strategy tests</Filter>
    </ClCompile>
    <ClCompile Include="Test07.cpp">
      <Filter>Strategy tests</Filter>
    </ClCompile>
    <ClCompile Include="Test08.cpp">
      <Filter>Strategy tests</Filter>
    </ClCompile>
    <ClCompile Include="Test0A.cpp">
      <Filter>Strategy tests</Filter>
    </ClCompile>
    <ClCompile Include="Test0B.cpp">
      <Filter>Strategy tests</Filter>
    </ClCompile>
    <ClCompile Include="Test0C.cpp">
      <Filter>Game tests</Filter>
    </ClCompile>
    <ClCompile Include="Test0D.cpp">
      <Filter>Game tests</Filter>
    </ClCompile>
    <ClCompile Include="Test0E.cpp">
      <Filter>Game tests</Filter>
    </ClCompile>
    <ClCompile Include="Test0F.cpp">
      <Filter>Game tests</Filter>
    </ClCompile>
    <ClCompile Include="Test09.cpp">
      <Filter>Strategy tests</Filter>
    </ClCompile>
    <ClCompile Include="Test10.cpp">
      <Filter>Game tests</Filter>
    </ClCompile>
    <ClCompile Include="Test11.cpp">
      <Filter>Game tests</Filter>
    </ClCompile>
  </ItemGroup>
</Project>